
Microsoft Visual Studio Solution File, Format Version 12.00
# Visual Studio Version 17
VisualStudioVersion = 17.14.36511.14 d17.14
MinimumVisualStudioVersion = 10.0.40219.1
Project("{FAE04EC0-301F-11D3-BF4B-00C04F79EFBC}") = "DCDS.API", "DCDS.API\DCDS.API.csproj", "{6BE63675-A9D7-4661-983B-928CCBF75305}"
EndProject
Global
	GlobalSection(SolutionConfigurationPlatforms) = preSolution
		Debug|Any CPU = Debug|Any CPU
		Release|Any CPU = Release|Any CPU
	EndGlobalSection
	GlobalSection(ProjectConfigurationPlatforms) = postSolution
		{6BE63675-A9D7-4661-983B-928CCBF75305}.Debug|Any CPU.ActiveCfg = Debug|Any CPU
		{6BE63675-A9D7-4661-983B-928CCBF75305}.Debug|Any CPU.Build.0 = Debug|Any CPU
		{6BE63675-A9D7-4661-983B-928CCBF75305}.Release|Any CPU.ActiveCfg = Release|Any CPU
		{6BE63675-A9D7-4661-983B-928CCBF75305}.Release|Any CPU.Build.0 = Release|Any CPU
	EndGlobalSection
	GlobalSection(SolutionProperties) = preSolution
		HideSolutionNode = FALSE
	EndGlobalSection
	GlobalSection(ExtensibilityGlobals) = postSolution
		SolutionGuid = {F520F26E-CE8B-4C61-BF7D-7117D5DD1D35}
	EndGlobalSection
EndGlobal
