
Microsoft Visual Studio Solution File, Format Version 12.00
# Visual Studio Version 17
VisualStudioVersion = 17.14.36511.14
MinimumVisualStudioVersion = 10.0.40219.1
Project("{FAE04EC0-301F-11D3-BF4B-00C04F79EFBC}") = "DCDS.API", "DCDS.API\DCDS.API.csproj", "{6BE63675-A9D7-4661-983B-928CCBF75305}"
EndProject
Project("{2150E333-8FDC-42A3-9474-1A3956D46DE8}") = "1. API", "1. API", "{02EA681E-C7D8-13C7-8484-4AC65E1B71E8}"
EndProject
Project("{2150E333-8FDC-42A3-9474-1A3956D46DE8}") = "2. Infra", "2. Infra", "{E5AFCF07-7515-4E01-875F-EEA0331615FC}"
EndProject
Project("{2150E333-8FDC-42A3-9474-1A3956D46DE8}") = "3. Application", "3. Application", "{B233CA86-1039-4CC2-9CBA-B6089AB448F8}"
EndProject
Project("{2150E333-8FDC-42A3-9474-1A3956D46DE8}") = "4. Domain", "4. Domain", "{FADAF99F-018C-44C6-B03F-F41F87655310}"
EndProject
Project("{FAE04EC0-301F-11D3-BF4B-00C04F79EFBC}") = "DCDS.Domain", "DCDS.Domain\DCDS.Domain.csproj", "{D07367CA-92DD-4D6C-9932-2E863D24EDF1}"
EndProject
Project("{FAE04EC0-301F-11D3-BF4B-00C04F79EFBC}") = "DCDS.Application", "DCDS.Application\DCDS.Application.csproj", "{B762DCA4-0AA5-4B38-9B2A-D64E2386251A}"
EndProject
Project("{FAE04EC0-301F-11D3-BF4B-00C04F79EFBC}") = "DCDS.Infra", "DCDS.Infra\DCDS.Infra.csproj", "{730B6B79-34D8-4720-920D-ABEAF69F5091}"
EndProject
Global
	GlobalSection(SolutionConfigurationPlatforms) = preSolution
		Debug|Any CPU = Debug|Any CPU
		Release|Any CPU = Release|Any CPU
	EndGlobalSection
	GlobalSection(ProjectConfigurationPlatforms) = postSolution
		{6BE63675-A9D7-4661-983B-928CCBF75305}.Debug|Any CPU.ActiveCfg = Debug|Any CPU
		{6BE63675-A9D7-4661-983B-928CCBF75305}.Debug|Any CPU.Build.0 = Debug|Any CPU
		{6BE63675-A9D7-4661-983B-928CCBF75305}.Release|Any CPU.ActiveCfg = Release|Any CPU
		{6BE63675-A9D7-4661-983B-928CCBF75305}.Release|Any CPU.Build.0 = Release|Any CPU
		{D07367CA-92DD-4D6C-9932-2E863D24EDF1}.Debug|Any CPU.ActiveCfg = Debug|Any CPU
		{D07367CA-92DD-4D6C-9932-2E863D24EDF1}.Debug|Any CPU.Build.0 = Debug|Any CPU
		{D07367CA-92DD-4D6C-9932-2E863D24EDF1}.Release|Any CPU.ActiveCfg = Release|Any CPU
		{D07367CA-92DD-4D6C-9932-2E863D24EDF1}.Release|Any CPU.Build.0 = Release|Any CPU
		{B762DCA4-0AA5-4B38-9B2A-D64E2386251A}.Debug|Any CPU.ActiveCfg = Debug|Any CPU
		{B762DCA4-0AA5-4B38-9B2A-D64E2386251A}.Debug|Any CPU.Build.0 = Debug|Any CPU
		{B762DCA4-0AA5-4B38-9B2A-D64E2386251A}.Release|Any CPU.ActiveCfg = Release|Any CPU
		{B762DCA4-0AA5-4B38-9B2A-D64E2386251A}.Release|Any CPU.Build.0 = Release|Any CPU
		{730B6B79-34D8-4720-920D-ABEAF69F5091}.Debug|Any CPU.ActiveCfg = Debug|Any CPU
		{730B6B79-34D8-4720-920D-ABEAF69F5091}.Debug|Any CPU.Build.0 = Debug|Any CPU
		{730B6B79-34D8-4720-920D-ABEAF69F5091}.Release|Any CPU.ActiveCfg = Release|Any CPU
		{730B6B79-34D8-4720-920D-ABEAF69F5091}.Release|Any CPU.Build.0 = Release|Any CPU
	EndGlobalSection
	GlobalSection(SolutionProperties) = preSolution
		HideSolutionNode = FALSE
	EndGlobalSection
	GlobalSection(NestedProjects) = preSolution
		{6BE63675-A9D7-4661-983B-928CCBF75305} = {02EA681E-C7D8-13C7-8484-4AC65E1B71E8}
		{D07367CA-92DD-4D6C-9932-2E863D24EDF1} = {FADAF99F-018C-44C6-B03F-F41F87655310}
		{B762DCA4-0AA5-4B38-9B2A-D64E2386251A} = {B233CA86-1039-4CC2-9CBA-B6089AB448F8}
		{730B6B79-34D8-4720-920D-ABEAF69F5091} = {E5AFCF07-7515-4E01-875F-EEA0331615FC}
	EndGlobalSection
	GlobalSection(ExtensibilityGlobals) = postSolution
		SolutionGuid = {F520F26E-CE8B-4C61-BF7D-7117D5DD1D35}
	EndGlobalSection
EndGlobal
